// !$*UTF8*$!
{
	archiveVersion = 1;
	classes = {
	};
	objectVersion = 77;
	objects = {

/* Begin PBXBuildFile section */
		03DFCA21250811A68FFB11AE /* IOSModels.swift in Sources */ = {isa = PBXBuildFile; fileRef = 225A54F240B8D5767A8ABC3E /* IOSModels.swift */; };
		05706ACB63B7539714E7230E /* IOSLocalNetworkErrorPresentationTests.swift in Sources */ = {isa = PBXBuildFile; fileRef = 001ADB040B51CC03017AD078 /* IOSLocalNetworkErrorPresentationTests.swift */; };
		32EEA8E251F4EC7BE97750BE /* RenameVerification.swift in Sources */ = {isa = PBXBuildFile; fileRef = EDC03E6C0E38E77D7B7041EB /* RenameVerification.swift */; };
		3458C201236D6844D8DBD1C5 /* IOSUXValidationTests.swift in Sources */ = {isa = PBXBuildFile; fileRef = 6822890687BA845DA14C5F71 /* IOSUXValidationTests.swift */; };
		4C622463158C93F2C4A6E9E8 /* Foundation.framework in Frameworks */ = {isa = PBXBuildFile; fileRef = 447F6715E9320FD144A9AA09 /* Foundation.framework */; };
		5D812EBF51B167AB5738AE2C /* IOSLifecycleService.swift in Sources */ = {isa = PBXBuildFile; fileRef = 199F463A0C2BD37F93DB31DD /* IOSLifecycleService.swift */; };
		5F779A5F8C34EADAA2B2560F /* IOSPlatformServices.swift in Sources */ = {isa = PBXBuildFile; fileRef = 12D2DD777C792E8D9D4C3124 /* IOSPlatformServices.swift */; };
		608895722949437224CA1124 /* IOSIncomingLinksTests.swift in Sources */ = {isa = PBXBuildFile; fileRef = D76F42F285004DF396E20E13 /* IOSIncomingLinksTests.swift */; };
		766065EFF9700B03F98775D5 /* DownloadListPresentationTests.swift in Sources */ = {isa = PBXBuildFile; fileRef = 003D719A3B6BCFE1610A6A98 /* DownloadListPresentationTests.swift */; };
		7E6479F9361130FF80BD97BC /* IOSLayoutPolicyTests.swift in Sources */ = {isa = PBXBuildFile; fileRef = 06465E9F4F86BA1B1309CCED /* IOSLayoutPolicyTests.swift */; };
		8B1AFABEEC083CD1B8AAED00 /* IOSLocalizationResourceTests.swift in Sources */ = {isa = PBXBuildFile; fileRef = A04EB6D33C213CE46C6051F8 /* IOSLocalizationResourceTests.swift */; };
		8B286FEA3A12C68DE39C4E26 /* RenameVerificationTests.swift in Sources */ = {isa = PBXBuildFile; fileRef = 63F629427EEC6F25F352E898 /* RenameVerificationTests.swift */; };
		A10000010000000000000001 /* AMuleRemoteiOSApp.swift in Sources */ = {isa = PBXBuildFile; fileRef = A10000000000000000000001 /* AMuleRemoteiOSApp.swift */; };
		A10000010000000000000003 /* ContentView.swift in Sources */ = {isa = PBXBuildFile; fileRef = A10000000000000000000003 /* ContentView.swift */; };
		A10000010000000000000004 /* DownloadsView.swift in Sources */ = {isa = PBXBuildFile; fileRef = A10000000000000000000004 /* DownloadsView.swift */; };
		A10000010000000000000005 /* DownloadDetailView.swift in Sources */ = {isa = PBXBuildFile; fileRef = A10000000000000000000005 /* DownloadDetailView.swift */; };
		A10000010000000000000006 /* SearchView.swift in Sources */ = {isa = PBXBuildFile; fileRef = A10000000000000000000006 /* SearchView.swift */; };
		A10000010000000000000007 /* ServersView.swift in Sources */ = {isa = PBXBuildFile; fileRef = A10000000000000000000007 /* ServersView.swift */; };
		A10000010000000000000008 /* SettingsView.swift in Sources */ = {isa = PBXBuildFile; fileRef = A10000000000000000000008 /* SettingsView.swift */; };
		A10000010000000000000009 /* IOSAppModel.swift in Sources */ = {isa = PBXBuildFile; fileRef = A10000000000000000000009 /* IOSAppModel.swift */; };
		A10000010000000000000022 /* PreviewHelpers.swift in Sources */ = {isa = PBXBuildFile; fileRef = A10000000000000000000022 /* PreviewHelpers.swift */; };
		A10000010000000000000011 /* Localization.swift in Sources */ = {isa = PBXBuildFile; fileRef = A10000000000000000000011 /* Localization.swift */; };
		A10000010000000000000014 /* Localizable.strings in Resources */ = {isa = PBXBuildFile; fileRef = A10000000000000000000014 /* Localizable.strings */; };
		A10000010000000000000015 /* Assets.xcassets in Resources */ = {isa = PBXBuildFile; fileRef = A10000000000000000000015 /* Assets.xcassets */; };
		A10000010000000000000016 /* aMule.icon in Resources */ = {isa = PBXBuildFile; fileRef = A10000000000000000000016 /* aMule.icon */; };
		A10000010000000000000017 /* DownloadRowViews.swift in Sources */ = {isa = PBXBuildFile; fileRef = A10000000000000000000017 /* DownloadRowViews.swift */; };
		A10000010000000000000018 /* IOSConnectionService.swift in Sources */ = {isa = PBXBuildFile; fileRef = A10000000000000000000018 /* IOSConnectionService.swift */; };
		A10000010000000000000019 /* IOSDownloadService.swift in Sources */ = {isa = PBXBuildFile; fileRef = A10000000000000000000019 /* IOSDownloadService.swift */; };
		A10000010000000000000020 /* IOSSearchService.swift in Sources */ = {isa = PBXBuildFile; fileRef = A10000000000000000000020 /* IOSSearchService.swift */; };
		A10000010000000000000021 /* IOSServerService.swift in Sources */ = {isa = PBXBuildFile; fileRef = A10000000000000000000021 /* IOSServerService.swift */; };
		AA18EEDAED071C5E03B10C9F /* IOSLifecycleServiceTests.swift in Sources */ = {isa = PBXBuildFile; fileRef = 256BD9EC228C07B4BD2566CF /* IOSLifecycleServiceTests.swift */; };
		AEA085278557B9208C9284FC /* IOSLayoutPolicy.swift in Sources */ = {isa = PBXBuildFile; fileRef = C9085DE34EF3539666BCD2AF /* IOSLayoutPolicy.swift */; };
		C0A69D59201D93C6F719325F /* DownloadListPresentation.swift in Sources */ = {isa = PBXBuildFile; fileRef = EE68D9C3C48792B3971C8034 /* DownloadListPresentation.swift */; };
		C2382A1D29F022BF90ED86F7 /* DownloadNameSuggestionTests.swift in Sources */ = {isa = PBXBuildFile; fileRef = 2E7059945DC4EC2494106744 /* DownloadNameSuggestionTests.swift */; };
		D8A05A6DD8A4DE55848808F2 /* DownloadItemFixtures.swift in Sources */ = {isa = PBXBuildFile; fileRef = A9E298CEF716A5FD8CE54F9C /* DownloadItemFixtures.swift */; };
		EA026BF3AE7B91B8A3A18638 /* PlatformServiceProtocols.swift in Sources */ = {isa = PBXBuildFile; fileRef = 0A6B0C50688313D37E02D77C /* PlatformServiceProtocols.swift */; };
		F4F50145B9F1D819E5ADC19A /* FilenameSuggestionPresentationTests.swift in Sources */ = {isa = PBXBuildFile; fileRef = 3DA4EC8CC6DF919E45637076 /* FilenameSuggestionPresentationTests.swift */; };
/* End PBXBuildFile section */

/* Begin PBXContainerItemProxy section */
		ADEAF4183C22EC8BC1D7F088 /* PBXContainerItemProxy */ = {
			isa = PBXContainerItemProxy;
			containerPortal = A10000040000000000000002 /* Project object */;
			proxyType = 1;
			remoteGlobalIDString = A10000040000000000000001;
			remoteInfo = AMuleRemoteiOS;
		};
/* End PBXContainerItemProxy section */

/* Begin PBXFileReference section */
		001ADB040B51CC03017AD078 /* IOSLocalNetworkErrorPresentationTests.swift */ = {isa = PBXFileReference; includeInIndex = 1; lastKnownFileType = sourcecode.swift; path = IOSLocalNetworkErrorPresentationTests.swift; sourceTree = "<group>"; };
		003D719A3B6BCFE1610A6A98 /* DownloadListPresentationTests.swift */ = {isa = PBXFileReference; includeInIndex = 1; lastKnownFileType = sourcecode.swift; path = DownloadListPresentationTests.swift; sourceTree = "<group>"; };
		06465E9F4F86BA1B1309CCED /* IOSLayoutPolicyTests.swift */ = {isa = PBXFileReference; includeInIndex = 1; lastKnownFileType = sourcecode.swift; path = IOSLayoutPolicyTests.swift; sourceTree = "<group>"; };
		0A6B0C50688313D37E02D77C /* PlatformServiceProtocols.swift */ = {isa = PBXFileReference; includeInIndex = 1; lastKnownFileType = sourcecode.swift; path = PlatformServiceProtocols.swift; sourceTree = "<group>"; };
		12D2DD777C792E8D9D4C3124 /* IOSPlatformServices.swift */ = {isa = PBXFileReference; includeInIndex = 1; lastKnownFileType = sourcecode.swift; path = IOSPlatformServices.swift; sourceTree = "<group>"; };
		199F463A0C2BD37F93DB31DD /* IOSLifecycleService.swift */ = {isa = PBXFileReference; includeInIndex = 1; lastKnownFileType = sourcecode.swift; path = IOSLifecycleService.swift; sourceTree = "<group>"; };
		225A54F240B8D5767A8ABC3E /* IOSModels.swift */ = {isa = PBXFileReference; includeInIndex = 1; lastKnownFileType = sourcecode.swift; path = IOSModels.swift; sourceTree = "<group>"; };
		256BD9EC228C07B4BD2566CF /* IOSLifecycleServiceTests.swift */ = {isa = PBXFileReference; includeInIndex = 1; lastKnownFileType = sourcecode.swift; path = IOSLifecycleServiceTests.swift; sourceTree = "<group>"; };
		2E7059945DC4EC2494106744 /* DownloadNameSuggestionTests.swift */ = {isa = PBXFileReference; includeInIndex = 1; lastKnownFileType = sourcecode.swift; path = DownloadNameSuggestionTests.swift; sourceTree = "<group>"; };
		3DA4EC8CC6DF919E45637076 /* FilenameSuggestionPresentationTests.swift */ = {isa = PBXFileReference; includeInIndex = 1; lastKnownFileType = sourcecode.swift; path = FilenameSuggestionPresentationTests.swift; sourceTree = "<group>"; };
		447F6715E9320FD144A9AA09 /* Foundation.framework */ = {isa = PBXFileReference; lastKnownFileType = wrapper.framework; name = Foundation.framework; path = Platforms/iPhoneOS.platform/Developer/SDKs/iPhoneOS18.0.sdk/System/Library/Frameworks/Foundation.framework; sourceTree = DEVELOPER_DIR; };
		4E6C8897E8F78A57314E912B /* AMuleRemoteiOSTests */ = {isa = PBXFileReference; includeInIndex = 0; path = AMuleRemoteiOSTests; sourceTree = BUILT_PRODUCTS_DIR; };
		63F629427EEC6F25F352E898 /* RenameVerificationTests.swift */ = {isa = PBXFileReference; includeInIndex = 1; lastKnownFileType = sourcecode.swift; path = RenameVerificationTests.swift; sourceTree = "<group>"; };
		6822890687BA845DA14C5F71 /* IOSUXValidationTests.swift */ = {isa = PBXFileReference; includeInIndex = 1; lastKnownFileType = sourcecode.swift; path = IOSUXValidationTests.swift; sourceTree = "<group>"; };
		A04EB6D33C213CE46C6051F8 /* IOSLocalizationResourceTests.swift */ = {isa = PBXFileReference; includeInIndex = 1; lastKnownFileType = sourcecode.swift; path = IOSLocalizationResourceTests.swift; sourceTree = "<group>"; };
		A10000000000000000000001 /* AMuleRemoteiOSApp.swift */ = {isa = PBXFileReference; lastKnownFileType = sourcecode.swift; path = AMuleRemoteiOSApp.swift; sourceTree = "<group>"; };
		A10000000000000000000003 /* ContentView.swift */ = {isa = PBXFileReference; lastKnownFileType = sourcecode.swift; path = ContentView.swift; sourceTree = "<group>"; };
		A10000000000000000000004 /* DownloadsView.swift */ = {isa = PBXFileReference; lastKnownFileType = sourcecode.swift; path = DownloadsView.swift; sourceTree = "<group>"; };
		A10000000000000000000005 /* DownloadDetailView.swift */ = {isa = PBXFileReference; lastKnownFileType = sourcecode.swift; path = DownloadDetailView.swift; sourceTree = "<group>"; };
		A10000000000000000000006 /* SearchView.swift */ = {isa = PBXFileReference; lastKnownFileType = sourcecode.swift; path = SearchView.swift; sourceTree = "<group>"; };
		A10000000000000000000007 /* ServersView.swift */ = {isa = PBXFileReference; lastKnownFileType = sourcecode.swift; path = ServersView.swift; sourceTree = "<group>"; };
		A10000000000000000000008 /* SettingsView.swift */ = {isa = PBXFileReference; lastKnownFileType = sourcecode.swift; path = SettingsView.swift; sourceTree = "<group>"; };
		A10000000000000000000009 /* IOSAppModel.swift */ = {isa = PBXFileReference; lastKnownFileType = sourcecode.swift; path = IOSAppModel.swift; sourceTree = "<group>"; };
		A10000000000000000000022 /* PreviewHelpers.swift */ = {isa = PBXFileReference; lastKnownFileType = sourcecode.swift; path = PreviewHelpers.swift; sourceTree = "<group>"; };
		A10000000000000000000010 /* AMuleRemoteiOS.app */ = {isa = PBXFileReference; explicitFileType = wrapper.application; includeInIndex = 0; path = AMuleRemoteiOS.app; sourceTree = BUILT_PRODUCTS_DIR; };
		A10000000000000000000011 /* Localization.swift */ = {isa = PBXFileReference; lastKnownFileType = sourcecode.swift; path = Localization.swift; sourceTree = "<group>"; };
		A10000000000000000000012 /* zh-Hans */ = {isa = PBXFileReference; lastKnownFileType = text.plist.strings; name = "zh-Hans"; path = "zh-Hans.lproj/Localizable.strings"; sourceTree = "<group>"; };
		A10000000000000000000013 /* zh_CN */ = {isa = PBXFileReference; lastKnownFileType = text.plist.strings; name = zh_CN; path = zh_CN.lproj/Localizable.strings; sourceTree = "<group>"; };
		A10000000000000000000015 /* Assets.xcassets */ = {isa = PBXFileReference; lastKnownFileType = folder.assetcatalog; path = Assets.xcassets; sourceTree = "<group>"; };
		A10000000000000000000016 /* aMule.icon */ = {isa = PBXFileReference; lastKnownFileType = folder.iconcomposer.icon; path = aMule.icon; sourceTree = SOURCE_ROOT; };
		A10000000000000000000017 /* DownloadRowViews.swift */ = {isa = PBXFileReference; lastKnownFileType = sourcecode.swift; path = DownloadRowViews.swift; sourceTree = "<group>"; };
		A10000000000000000000018 /* IOSConnectionService.swift */ = {isa = PBXFileReference; lastKnownFileType = sourcecode.swift; path = IOSConnectionService.swift; sourceTree = "<group>"; };
		A10000000000000000000019 /* IOSDownloadService.swift */ = {isa = PBXFileReference; lastKnownFileType = sourcecode.swift; path = IOSDownloadService.swift; sourceTree = "<group>"; };
		A10000000000000000000020 /* IOSSearchService.swift */ = {isa = PBXFileReference; lastKnownFileType = sourcecode.swift; path = IOSSearchService.swift; sourceTree = "<group>"; };
		A10000000000000000000021 /* IOSServerService.swift */ = {isa = PBXFileReference; lastKnownFileType = sourcecode.swift; path = IOSServerService.swift; sourceTree = "<group>"; };
		A9E298CEF716A5FD8CE54F9C /* DownloadItemFixtures.swift */ = {isa = PBXFileReference; includeInIndex = 1; lastKnownFileType = sourcecode.swift; path = DownloadItemFixtures.swift; sourceTree = "<group>"; };
		C9085DE34EF3539666BCD2AF /* IOSLayoutPolicy.swift */ = {isa = PBXFileReference; includeInIndex = 1; lastKnownFileType = sourcecode.swift; path = IOSLayoutPolicy.swift; sourceTree = "<group>"; };
		D76F42F285004DF396E20E13 /* IOSIncomingLinksTests.swift */ = {isa = PBXFileReference; includeInIndex = 1; lastKnownFileType = sourcecode.swift; path = IOSIncomingLinksTests.swift; sourceTree = "<group>"; };
		EDC03E6C0E38E77D7B7041EB /* RenameVerification.swift */ = {isa = PBXFileReference; includeInIndex = 1; lastKnownFileType = sourcecode.swift; path = RenameVerification.swift; sourceTree = "<group>"; };
		EE68D9C3C48792B3971C8034 /* DownloadListPresentation.swift */ = {isa = PBXFileReference; includeInIndex = 1; lastKnownFileType = sourcecode.swift; path = DownloadListPresentation.swift; sourceTree = "<group>"; };
/* End PBXFileReference section */

/* Begin PBXFrameworksBuildPhase section */
		A10000020000000000000001 /* Frameworks */ = {
			isa = PBXFrameworksBuildPhase;
			buildActionMask = 2147483647;
			files = (
			);
			runOnlyForDeploymentPostprocessing = 0;
		};
		EEE1DA6E38061E9CFD6A8333 /* Frameworks */ = {
			isa = PBXFrameworksBuildPhase;
			buildActionMask = 2147483647;
			files = (
				4C622463158C93F2C4A6E9E8 /* Foundation.framework in Frameworks */,
			);
			runOnlyForDeploymentPostprocessing = 0;
		};
/* End PBXFrameworksBuildPhase section */

/* Begin PBXGroup section */
		1D8A53564145E9071CD40861 /* Frameworks */ = {
			isa = PBXGroup;
			children = (
				25814361FA660D3427D66ADD /* iOS */,
			);
			name = Frameworks;
			sourceTree = "<group>";
		};
		25814361FA660D3427D66ADD /* iOS */ = {
			isa = PBXGroup;
			children = (
				447F6715E9320FD144A9AA09 /* Foundation.framework */,
			);
			name = iOS;
			sourceTree = "<group>";
		};
		A10000030000000000000001 = {
			isa = PBXGroup;
			children = (
				A10000030000000000000002 /* AMuleRemoteiOS */,
				A10000030000000000000003 /* Products */,
				1D8A53564145E9071CD40861 /* Frameworks */,
				E30F6125010E626EA6F43FD8 /* AMuleRemoteiOSTests */,
			);
			sourceTree = "<group>";
		};
		A10000030000000000000002 /* AMuleRemoteiOS */ = {
			isa = PBXGroup;
			children = (
				A10000000000000000000001 /* AMuleRemoteiOSApp.swift */,
				A10000000000000000000003 /* ContentView.swift */,
				A10000000000000000000004 /* DownloadsView.swift */,
				A10000000000000000000005 /* DownloadDetailView.swift */,
				A10000000000000000000006 /* SearchView.swift */,
				A10000000000000000000007 /* ServersView.swift */,
				A10000000000000000000008 /* SettingsView.swift */,
				A10000000000000000000009 /* IOSAppModel.swift */,
				A10000000000000000000022 /* PreviewHelpers.swift */,
				A10000000000000000000017 /* DownloadRowViews.swift */,
				A10000000000000000000018 /* IOSConnectionService.swift */,
				A10000000000000000000019 /* IOSDownloadService.swift */,
				A10000000000000000000020 /* IOSSearchService.swift */,
				A10000000000000000000021 /* IOSServerService.swift */,
				A10000000000000000000011 /* Localization.swift */,
				A10000000000000000000015 /* Assets.xcassets */,
				A10000000000000000000016 /* aMule.icon */,
				A10000000000000000000014 /* Localizable.strings */,
				12D2DD777C792E8D9D4C3124 /* IOSPlatformServices.swift */,
				199F463A0C2BD37F93DB31DD /* IOSLifecycleService.swift */,
				225A54F240B8D5767A8ABC3E /* IOSModels.swift */,
				EDC03E6C0E38E77D7B7041EB /* RenameVerification.swift */,
				C9085DE34EF3539666BCD2AF /* IOSLayoutPolicy.swift */,
				0A6B0C50688313D37E02D77C /* PlatformServiceProtocols.swift */,
				EE68D9C3C48792B3971C8034 /* DownloadListPresentation.swift */,
			);
			path = iOS/AMuleRemoteiOS;
			sourceTree = SOURCE_ROOT;
		};
		A10000030000000000000003 /* Products */ = {
			isa = PBXGroup;
			children = (
				A10000000000000000000010 /* AMuleRemoteiOS.app */,
				4E6C8897E8F78A57314E912B /* AMuleRemoteiOSTests */,
			);
			name = Products;
			sourceTree = "<group>";
		};
		E30F6125010E626EA6F43FD8 /* AMuleRemoteiOSTests */ = {
			isa = PBXGroup;
			children = (
				D76F42F285004DF396E20E13 /* IOSIncomingLinksTests.swift */,
				06465E9F4F86BA1B1309CCED /* IOSLayoutPolicyTests.swift */,
				003D719A3B6BCFE1610A6A98 /* DownloadListPresentationTests.swift */,
				256BD9EC228C07B4BD2566CF /* IOSLifecycleServiceTests.swift */,
				3DA4EC8CC6DF919E45637076 /* FilenameSuggestionPresentationTests.swift */,
				63F629427EEC6F25F352E898 /* RenameVerificationTests.swift */,
				A04EB6D33C213CE46C6051F8 /* IOSLocalizationResourceTests.swift */,
				001ADB040B51CC03017AD078 /* IOSLocalNetworkErrorPresentationTests.swift */,
				A9E298CEF716A5FD8CE54F9C /* DownloadItemFixtures.swift */,
				6822890687BA845DA14C5F71 /* IOSUXValidationTests.swift */,
				2E7059945DC4EC2494106744 /* DownloadNameSuggestionTests.swift */,
			);
			name = AMuleRemoteiOSTests;
			path = iOS/AMuleRemoteiOSTests;
			sourceTree = "<group>";
		};
/* End PBXGroup section */

/* Begin PBXNativeTarget section */
		85FFA5CA22114505AB841014 /* AMuleRemoteiOSTests */ = {
			isa = PBXNativeTarget;
			buildConfigurationList = F44523B79CE72BF2F9D59C2D /* Build configuration list for PBXNativeTarget "AMuleRemoteiOSTests" */;
			buildPhases = (
				A632D26905E67EBA003B5486 /* Sources */,
				EEE1DA6E38061E9CFD6A8333 /* Frameworks */,
				BC5E857FB4C29D3D070E0C74 /* Resources */,
			);
			buildRules = (
			);
			dependencies = (
				BF7DB41FAA0A6F61C012C975 /* PBXTargetDependency */,
			);
			name = AMuleRemoteiOSTests;
			packageProductDependencies = (
				A4E6A3C8B7C2D265F55BA402 /* AMuleECClient */,
				D1EBC8AA6FF1CFB8ACE2FCC4 /* SharedModels */,
				CFCF56EDEE7B36F0631AB019 /* SharedViews */,
				144EF3D525753BEB5FB3B43B /* SharedServices */,
			);
			productName = AMuleRemoteiOSTests;
			productReference = 4E6C8897E8F78A57314E912B /* AMuleRemoteiOSTests */;
			productType = "com.apple.product-type.bundle.unit-test";
		};
		A10000040000000000000001 /* AMuleRemoteiOS */ = {
			isa = PBXNativeTarget;
			buildConfigurationList = A10000050000000000000002 /* Build configuration list for PBXNativeTarget "AMuleRemoteiOS" */;
			buildPhases = (
				A10000020000000000000002 /* Sources */,
				A10000020000000000000001 /* Frameworks */,
				A10000020000000000000003 /* Resources */,
			);
			buildRules = (
			);
			dependencies = (
			);
			name = AMuleRemoteiOS;
			packageProductDependencies = (
				D2E77626564DACD10962B7A9 /* AMuleECClient */,
				312DFF370884B11678C128F9 /* AMuleECBridgeAdapter */,
				277029595E377A87EF675CA6 /* SharedModels */,
				169BC44AD2B6BC806862A085 /* SharedViews */,
				D5BDE71D9D4A307A816F2749 /* SharedServices */,
			);
			productName = AMuleRemoteiOS;
			productReference = A10000000000000000000010 /* AMuleRemoteiOS.app */;
			productType = "com.apple.product-type.application";
		};
/* End PBXNativeTarget section */

/* Begin PBXProject section */
		A10000040000000000000002 /* Project object */ = {
			isa = PBXProject;
			attributes = {
				BuildIndependentTargetsInParallel = 1;
				LastSwiftUpdateCheck = 2600;
				LastUpgradeCheck = 2600;
				TargetAttributes = {
					A10000040000000000000001 = {
						CreatedOnToolsVersion = 26.0;
					};
				};
			};
			buildConfigurationList = A10000050000000000000001 /* Build configuration list for PBXProject "AMuleRemoteiOS" */;
			developmentRegion = en;
			hasScannedForEncodings = 0;
			knownRegions = (
				en,
				Base,
				"zh-Hans",
				zh_CN,
			);
			mainGroup = A10000030000000000000001;
			minimizedProjectReferenceProxies = 1;
			packageReferences = (
				65ECD9EE6314C39BC6F9DA72 /* XCLocalSwiftPackageReference "SwiftEC" */,
				83B4359390EBF75DF56B7815 /* XCLocalSwiftPackageReference "Shared" */,
			);
			preferredProjectObjectVersion = 77;
			productRefGroup = A10000030000000000000003 /* Products */;
			projectDirPath = "";
			projectRoot = "";
			targets = (
				A10000040000000000000001 /* AMuleRemoteiOS */,
				85FFA5CA22114505AB841014 /* AMuleRemoteiOSTests */,
			);
		};
/* End PBXProject section */

/* Begin PBXResourcesBuildPhase section */
		A10000020000000000000003 /* Resources */ = {
			isa = PBXResourcesBuildPhase;
			buildActionMask = 2147483647;
			files = (
				A10000010000000000000016 /* aMule.icon in Resources */,
				A10000010000000000000015 /* Assets.xcassets in Resources */,
				A10000010000000000000014 /* Localizable.strings in Resources */,
			);
			runOnlyForDeploymentPostprocessing = 0;
		};
		BC5E857FB4C29D3D070E0C74 /* Resources */ = {
			isa = PBXResourcesBuildPhase;
			buildActionMask = 2147483647;
			files = (
			);
			runOnlyForDeploymentPostprocessing = 0;
		};
/* End PBXResourcesBuildPhase section */

/* Begin PBXSourcesBuildPhase section */
		A10000020000000000000002 /* Sources */ = {
			isa = PBXSourcesBuildPhase;
			buildActionMask = 2147483647;
			files = (
				A10000010000000000000001 /* AMuleRemoteiOSApp.swift in Sources */,
				A10000010000000000000003 /* ContentView.swift in Sources */,
				A10000010000000000000004 /* DownloadsView.swift in Sources */,
				A10000010000000000000005 /* DownloadDetailView.swift in Sources */,
				A10000010000000000000006 /* SearchView.swift in Sources */,
				A10000010000000000000007 /* ServersView.swift in Sources */,
				A10000010000000000000008 /* SettingsView.swift in Sources */,
				A10000010000000000000009 /* IOSAppModel.swift in Sources */,
				A10000010000000000000022 /* PreviewHelpers.swift in Sources */,
				A10000010000000000000017 /* DownloadRowViews.swift in Sources */,
				A10000010000000000000018 /* IOSConnectionService.swift in Sources */,
				A10000010000000000000019 /* IOSDownloadService.swift in Sources */,
				A10000010000000000000020 /* IOSSearchService.swift in Sources */,
				A10000010000000000000021 /* IOSServerService.swift in Sources */,
				A10000010000000000000011 /* Localization.swift in Sources */,
				5F779A5F8C34EADAA2B2560F /* IOSPlatformServices.swift in Sources */,
				5D812EBF51B167AB5738AE2C /* IOSLifecycleService.swift in Sources */,
				03DFCA21250811A68FFB11AE /* IOSModels.swift in Sources */,
				32EEA8E251F4EC7BE97750BE /* RenameVerification.swift in Sources */,
				AEA085278557B9208C9284FC /* IOSLayoutPolicy.swift in Sources */,
				EA026BF3AE7B91B8A3A18638 /* PlatformServiceProtocols.swift in Sources */,
				C0A69D59201D93C6F719325F /* DownloadListPresentation.swift in Sources */,
			);
			runOnlyForDeploymentPostprocessing = 0;
		};
		A632D26905E67EBA003B5486 /* Sources */ = {
			isa = PBXSourcesBuildPhase;
			buildActionMask = 2147483647;
			files = (
				608895722949437224CA1124 /* IOSIncomingLinksTests.swift in Sources */,
				7E6479F9361130FF80BD97BC /* IOSLayoutPolicyTests.swift in Sources */,
				766065EFF9700B03F98775D5 /* DownloadListPresentationTests.swift in Sources */,
				AA18EEDAED071C5E03B10C9F /* IOSLifecycleServiceTests.swift in Sources */,
				F4F50145B9F1D819E5ADC19A /* FilenameSuggestionPresentationTests.swift in Sources */,
				8B286FEA3A12C68DE39C4E26 /* RenameVerificationTests.swift in Sources */,
				8B1AFABEEC083CD1B8AAED00 /* IOSLocalizationResourceTests.swift in Sources */,
				05706ACB63B7539714E7230E /* IOSLocalNetworkErrorPresentationTests.swift in Sources */,
				D8A05A6DD8A4DE55848808F2 /* DownloadItemFixtures.swift in Sources */,
				3458C201236D6844D8DBD1C5 /* IOSUXValidationTests.swift in Sources */,
				C2382A1D29F022BF90ED86F7 /* DownloadNameSuggestionTests.swift in Sources */,
			);
			runOnlyForDeploymentPostprocessing = 0;
		};
/* End PBXSourcesBuildPhase section */

/* Begin PBXTargetDependency section */
		BF7DB41FAA0A6F61C012C975 /* PBXTargetDependency */ = {
			isa = PBXTargetDependency;
			name = AMuleRemoteiOS;
			target = A10000040000000000000001 /* AMuleRemoteiOS */;
			targetProxy = ADEAF4183C22EC8BC1D7F088 /* PBXContainerItemProxy */;
		};
/* End PBXTargetDependency section */

/* Begin PBXVariantGroup section */
		A10000000000000000000014 /* Localizable.strings */ = {
			isa = PBXVariantGroup;
			children = (
				A10000000000000000000012 /* zh-Hans */,
				A10000000000000000000013 /* zh_CN */,
			);
			name = Localizable.strings;
			sourceTree = "<group>";
		};
/* End PBXVariantGroup section */

/* Begin XCBuildConfiguration section */
		7C188815AB708F0206EB512E /* Release */ = {
			isa = XCBuildConfiguration;
			buildSettings = {
				BUNDLE_LOADER = "$(TEST_HOST)";
				CLANG_ENABLE_OBJC_WEAK = NO;
				CURRENT_PROJECT_VERSION = 1;
				GENERATE_INFOPLIST_FILE = YES;
				INFOPLIST_FILE = "";
				IPHONEOS_DEPLOYMENT_TARGET = 26.0;
				LD_RUNPATH_SEARCH_PATHS = (
					"$(inherited)",
					"@executable_path/Frameworks",
					"@loader_path/Frameworks",
				);
				MARKETING_VERSION = 0.1.3;
				PRODUCT_BUNDLE_IDENTIFIER = org.amule.ios.AMuleRemoteiOSTests;
				PRODUCT_NAME = "$(TARGET_NAME)";
				SDKROOT = iphoneos;
				SUPPORTED_PLATFORMS = "iphoneos iphonesimulator";
				SWIFT_VERSION = 6.0;
				TARGETED_DEVICE_FAMILY = "1,2";
				TEST_HOST = "$(BUILT_PRODUCTS_DIR)/AMuleRemoteiOS.app/AMuleRemoteiOS";
				VALIDATE_PRODUCT = YES;
			};
			name = Release;
		};
		A10000060000000000000001 /* Debug */ = {
			isa = XCBuildConfiguration;
			buildSettings = {
				ALWAYS_SEARCH_USER_PATHS = NO;
				CLANG_ENABLE_MODULES = YES;
				CLANG_ENABLE_OBJC_ARC = YES;
				CLANG_ENABLE_OBJC_WEAK = YES;
				CLANG_WARN_BLOCK_CAPTURE_AUTORELEASING = YES;
				CLANG_WARN_BOOL_CONVERSION = YES;
				CLANG_WARN_COMMA = YES;
				CLANG_WARN_CONSTANT_CONVERSION = YES;
				CLANG_WARN_DEPRECATED_OBJC_IMPLEMENTATIONS = YES;
				CLANG_WARN_DIRECT_OBJC_ISA_USAGE = YES_ERROR;
				CLANG_WARN_DOCUMENTATION_COMMENTS = YES;
				CLANG_WARN_EMPTY_BODY = YES;
				CLANG_WARN_ENUM_CONVERSION = YES;
				CLANG_WARN_INFINITE_RECURSION = YES;
				CLANG_WARN_INT_CONVERSION = YES;
				CLANG_WARN_NON_LITERAL_NULL_CONVERSION = YES;
				CLANG_WARN_OBJC_IMPLICIT_RETAIN_SELF = YES;
				CLANG_WARN_OBJC_LITERAL_CONVERSION = YES;
				CLANG_WARN_OBJC_ROOT_CLASS = YES_ERROR;
				CLANG_WARN_QUOTED_INCLUDE_IN_FRAMEWORK_HEADER = YES;
				CLANG_WARN_RANGE_LOOP_ANALYSIS = YES;
				CLANG_WARN_STRICT_PROTOTYPES = YES;
				CLANG_WARN_SUSPICIOUS_MOVE = YES;
				CLANG_WARN_UNGUARDED_AVAILABILITY = YES_AGGRESSIVE;
				CLANG_WARN_UNREACHABLE_CODE = YES;
				COPY_PHASE_STRIP = NO;
				DEBUG_INFORMATION_FORMAT = dwarf;
				ENABLE_STRICT_OBJC_MSGSEND = YES;
				ENABLE_TESTABILITY = YES;
				GCC_C_LANGUAGE_STANDARD = gnu17;
				GCC_DYNAMIC_NO_PIC = NO;
				GCC_NO_COMMON_BLOCKS = YES;
				GCC_OPTIMIZATION_LEVEL = 0;
				GCC_PREPROCESSOR_DEFINITIONS = (
					"DEBUG=1",
					"$(inherited)",
				);
				GCC_WARN_64_TO_32_BIT_CONVERSION = YES;
				GCC_WARN_ABOUT_RETURN_TYPE = YES_ERROR;
				GCC_WARN_UNDECLARED_SELECTOR = YES;
				GCC_WARN_UNINITIALIZED_AUTOS = YES_AGGRESSIVE;
				GCC_WARN_UNUSED_FUNCTION = YES;
				GCC_WARN_UNUSED_VARIABLE = YES;
				IPHONEOS_DEPLOYMENT_TARGET = 26.0;
				MTL_ENABLE_DEBUG_INFO = INCLUDE_SOURCE;
				MTL_FAST_MATH = YES;
				ONLY_ACTIVE_ARCH = YES;
				SDKROOT = iphoneos;
				SUPPORTED_PLATFORMS = "iphoneos iphonesimulator";
				SWIFT_ACTIVE_COMPILATION_CONDITIONS = "DEBUG $(inherited)";
				SWIFT_OPTIMIZATION_LEVEL = "-Onone";
				SWIFT_STRICT_CONCURRENCY = minimal;
				SWIFT_SUPPRESS_WARNINGS = YES;
				SWIFT_VERSION = 6.0;
				TARGETED_DEVICE_FAMILY = "1,2";
			};
			name = Debug;
		};
		A10000060000000000000002 /* Release */ = {
			isa = XCBuildConfiguration;
			buildSettings = {
				ALWAYS_SEARCH_USER_PATHS = NO;
				CLANG_ENABLE_MODULES = YES;
				CLANG_ENABLE_OBJC_ARC = YES;
				CLANG_ENABLE_OBJC_WEAK = YES;
				CLANG_WARN_BLOCK_CAPTURE_AUTORELEASING = YES;
				CLANG_WARN_BOOL_CONVERSION = YES;
				CLANG_WARN_COMMA = YES;
				CLANG_WARN_CONSTANT_CONVERSION = YES;
				CLANG_WARN_DEPRECATED_OBJC_IMPLEMENTATIONS = YES;
				CLANG_WARN_DIRECT_OBJC_ISA_USAGE = YES_ERROR;
				CLANG_WARN_DOCUMENTATION_COMMENTS = YES;
				CLANG_WARN_EMPTY_BODY = YES;
				CLANG_WARN_ENUM_CONVERSION = YES;
				CLANG_WARN_INFINITE_RECURSION = YES;
				CLANG_WARN_INT_CONVERSION = YES;
				CLANG_WARN_NON_LITERAL_NULL_CONVERSION = YES;
				CLANG_WARN_OBJC_IMPLICIT_RETAIN_SELF = YES;
				CLANG_WARN_OBJC_LITERAL_CONVERSION = YES;
				CLANG_WARN_OBJC_ROOT_CLASS = YES_ERROR;
				CLANG_WARN_QUOTED_INCLUDE_IN_FRAMEWORK_HEADER = YES;
				CLANG_WARN_RANGE_LOOP_ANALYSIS = YES;
				CLANG_WARN_STRICT_PROTOTYPES = YES;
				CLANG_WARN_SUSPICIOUS_MOVE = YES;
				CLANG_WARN_UNGUARDED_AVAILABILITY = YES_AGGRESSIVE;
				CLANG_WARN_UNREACHABLE_CODE = YES;
				COPY_PHASE_STRIP = NO;
				DEBUG_INFORMATION_FORMAT = "dwarf-with-dsym";
				ENABLE_NS_ASSERTIONS = NO;
				ENABLE_STRICT_OBJC_MSGSEND = YES;
				GCC_C_LANGUAGE_STANDARD = gnu17;
				GCC_NO_COMMON_BLOCKS = YES;
				GCC_WARN_64_TO_32_BIT_CONVERSION = YES;
				GCC_WARN_ABOUT_RETURN_TYPE = YES_ERROR;
				GCC_WARN_UNDECLARED_SELECTOR = YES;
				GCC_WARN_UNINITIALIZED_AUTOS = YES_AGGRESSIVE;
				GCC_WARN_UNUSED_FUNCTION = YES;
				GCC_WARN_UNUSED_VARIABLE = YES;
				IPHONEOS_DEPLOYMENT_TARGET = 26.0;
				MTL_ENABLE_DEBUG_INFO = NO;
				MTL_FAST_MATH = YES;
				SDKROOT = iphoneos;
				SUPPORTED_PLATFORMS = "iphoneos iphonesimulator";
				SWIFT_COMPILATION_MODE = wholemodule;
				SWIFT_VERSION = 6.0;
				TARGETED_DEVICE_FAMILY = "1,2";
				VALIDATE_PRODUCT = YES;
			};
			name = Release;
		};
		A10000060000000000000003 /* Debug */ = {
			isa = XCBuildConfiguration;
			buildSettings = {
				ASSETCATALOG_COMPILER_APPICON_NAME = aMule;
				CODE_SIGN_STYLE = Automatic;
				CURRENT_PROJECT_VERSION = 1;
				DEVELOPMENT_ASSET_PATHS = "";
				DEVELOPMENT_TEAM = 942788FJYL;
				ENABLE_PREVIEWS = YES;
				GENERATE_INFOPLIST_FILE = NO;
				INFOPLIST_FILE = iOS/AMuleRemoteiOS/Info.plist;
				IPHONEOS_DEPLOYMENT_TARGET = 26.0;
				LD_RUNPATH_SEARCH_PATHS = (
					"$(inherited)",
					"@executable_path/Frameworks",
				);
				MARKETING_VERSION = 0.1.3;
				PRODUCT_BUNDLE_IDENTIFIER = org.amule.remote.ios;
				PRODUCT_NAME = "$(TARGET_NAME)";
				SDKROOT = iphoneos;
				SUPPORTED_PLATFORMS = "iphoneos iphonesimulator";
				SWIFT_EMIT_LOC_STRINGS = NO;
				SWIFT_OPTIMIZATION_LEVEL = "-Onone";
				SWIFT_VERSION = 6.0;
				TARGETED_DEVICE_FAMILY = "1,2";
			};
			name = Debug;
		};
		A10000060000000000000004 /* Release */ = {
			isa = XCBuildConfiguration;
			buildSettings = {
				ASSETCATALOG_COMPILER_APPICON_NAME = aMule;
				CODE_SIGN_STYLE = Automatic;
				CURRENT_PROJECT_VERSION = 1;
				DEVELOPMENT_ASSET_PATHS = "";
				DEVELOPMENT_TEAM = 942788FJYL;
				ENABLE_PREVIEWS = YES;
				GENERATE_INFOPLIST_FILE = NO;
				INFOPLIST_FILE = iOS/AMuleRemoteiOS/Info.plist;
				IPHONEOS_DEPLOYMENT_TARGET = 26.0;
				LD_RUNPATH_SEARCH_PATHS = (
					"$(inherited)",
					"@executable_path/Frameworks",
				);
				MARKETING_VERSION = 0.1.3;
				PRODUCT_BUNDLE_IDENTIFIER = org.amule.remote.ios;
				PRODUCT_NAME = "$(TARGET_NAME)";
				SDKROOT = iphoneos;
				SUPPORTED_PLATFORMS = "iphoneos iphonesimulator";
				SWIFT_EMIT_LOC_STRINGS = NO;
				SWIFT_VERSION = 6.0;
				TARGETED_DEVICE_FAMILY = "1,2";
			};
			name = Release;
		};
		D73E5A9809E81CABD3D7880E /* Debug */ = {
			isa = XCBuildConfiguration;
			buildSettings = {
				BUNDLE_LOADER = "$(TEST_HOST)";
				CLANG_ENABLE_OBJC_WEAK = NO;
				CURRENT_PROJECT_VERSION = 1;
				GENERATE_INFOPLIST_FILE = YES;
				INFOPLIST_FILE = "";
				IPHONEOS_DEPLOYMENT_TARGET = 26.0;
				LD_RUNPATH_SEARCH_PATHS = (
					"$(inherited)",
					"@executable_path/Frameworks",
					"@loader_path/Frameworks",
				);
				MARKETING_VERSION = 0.1.3;
				PRODUCT_BUNDLE_IDENTIFIER = org.amule.ios.AMuleRemoteiOSTests;
				PRODUCT_NAME = "$(TARGET_NAME)";
				SDKROOT = iphoneos;
				SUPPORTED_PLATFORMS = "iphoneos iphonesimulator";
				SWIFT_VERSION = 6.0;
				TARGETED_DEVICE_FAMILY = "1,2";
				TEST_HOST = "$(BUILT_PRODUCTS_DIR)/AMuleRemoteiOS.app/AMuleRemoteiOS";
			};
			name = Debug;
		};
/* End XCBuildConfiguration section */

/* Begin XCConfigurationList section */
		A10000050000000000000001 /* Build configuration list for PBXProject "AMuleRemoteiOS" */ = {
			isa = XCConfigurationList;
			buildConfigurations = (
				A10000060000000000000001 /* Debug */,
				A10000060000000000000002 /* Release */,
			);
			defaultConfigurationIsVisible = 0;
			defaultConfigurationName = Release;
		};
		A10000050000000000000002 /* Build configuration list for PBXNativeTarget "AMuleRemoteiOS" */ = {
			isa = XCConfigurationList;
			buildConfigurations = (
				A10000060000000000000003 /* Debug */,
				A10000060000000000000004 /* Release */,
			);
			defaultConfigurationIsVisible = 0;
			defaultConfigurationName = Release;
		};
		F44523B79CE72BF2F9D59C2D /* Build configuration list for PBXNativeTarget "AMuleRemoteiOSTests" */ = {
			isa = XCConfigurationList;
			buildConfigurations = (
				7C188815AB708F0206EB512E /* Release */,
				D73E5A9809E81CABD3D7880E /* Debug */,
			);
			defaultConfigurationIsVisible = 0;
			defaultConfigurationName = Release;
		};
/* End XCConfigurationList section */

/* Begin XCLocalSwiftPackageReference section */
		65ECD9EE6314C39BC6F9DA72 /* XCLocalSwiftPackageReference "SwiftEC" */ = {
			isa = XCLocalSwiftPackageReference;
			relativePath = SwiftEC;
		};
		83B4359390EBF75DF56B7815 /* XCLocalSwiftPackageReference "Shared" */ = {
			isa = XCLocalSwiftPackageReference;
			relativePath = Packages/Shared;
		};
/* End XCLocalSwiftPackageReference section */

/* Begin XCSwiftPackageProductDependency section */
		144EF3D525753BEB5FB3B43B /* SharedServices */ = {
			isa = XCSwiftPackageProductDependency;
			package = 83B4359390EBF75DF56B7815 /* XCLocalSwiftPackageReference "Shared" */;
			productName = SharedServices;
		};
		169BC44AD2B6BC806862A085 /* SharedViews */ = {
			isa = XCSwiftPackageProductDependency;
			package = 83B4359390EBF75DF56B7815 /* XCLocalSwiftPackageReference "Shared" */;
			productName = SharedViews;
		};
		277029595E377A87EF675CA6 /* SharedModels */ = {
			isa = XCSwiftPackageProductDependency;
			package = 83B4359390EBF75DF56B7815 /* XCLocalSwiftPackageReference "Shared" */;
			productName = SharedModels;
		};
		312DFF370884B11678C128F9 /* AMuleECBridgeAdapter */ = {
			isa = XCSwiftPackageProductDependency;
			package = 65ECD9EE6314C39BC6F9DA72 /* XCLocalSwiftPackageReference "SwiftEC" */;
			productName = AMuleECBridgeAdapter;
		};
		A4E6A3C8B7C2D265F55BA402 /* AMuleECClient */ = {
			isa = XCSwiftPackageProductDependency;
			package = 65ECD9EE6314C39BC6F9DA72 /* XCLocalSwiftPackageReference "SwiftEC" */;
			productName = AMuleECClient;
		};
		CFCF56EDEE7B36F0631AB019 /* SharedViews */ = {
			isa = XCSwiftPackageProductDependency;
			package = 83B4359390EBF75DF56B7815 /* XCLocalSwiftPackageReference "Shared" */;
			productName = SharedViews;
		};
		D1EBC8AA6FF1CFB8ACE2FCC4 /* SharedModels */ = {
			isa = XCSwiftPackageProductDependency;
			package = 83B4359390EBF75DF56B7815 /* XCLocalSwiftPackageReference "Shared" */;
			productName = SharedModels;
		};
		D2E77626564DACD10962B7A9 /* AMuleECClient */ = {
			isa = XCSwiftPackageProductDependency;
			package = 65ECD9EE6314C39BC6F9DA72 /* XCLocalSwiftPackageReference "SwiftEC" */;
			productName = AMuleECClient;
		};
		D5BDE71D9D4A307A816F2749 /* SharedServices */ = {
			isa = XCSwiftPackageProductDependency;
			package = 83B4359390EBF75DF56B7815 /* XCLocalSwiftPackageReference "Shared" */;
			productName = SharedServices;
		};
/* End XCSwiftPackageProductDependency section */
	};
	rootObject = A10000040000000000000002 /* Project object */;
}
